
Microsoft Visual Studio Solution File, Format Version 12.00
# Visual Studio Version 16
VisualStudioVersion = 16.0.31729.503
MinimumVisualStudioVersion = 10.0.40219.1
Project("{FAE04EC0-301F-11D3-BF4B-00C04F79EFBC}") = "Threads2", "Threads2\Threads2.csproj", "{970E535C-1982-402F-B834-440F733E242E}"
EndProject
Global
	GlobalSection(SolutionConfigurationPlatforms) = preSolution
		Debug|Any CPU = Debug|Any CPU
		Release|Any CPU = Release|Any CPU
	EndGlobalSection
	GlobalSection(ProjectConfigurationPlatforms) = postSolution
		{970E535C-1982-402F-B834-440F733E242E}.Debug|Any CPU.ActiveCfg = Debug|Any CPU
		{970E535C-1982-402F-B834-440F733E242E}.Debug|Any CPU.Build.0 = Debug|Any CPU
		{970E535C-1982-402F-B834-440F733E242E}.Release|Any CPU.ActiveCfg = Release|Any CPU
		{970E535C-1982-402F-B834-440F733E242E}.Release|Any CPU.Build.0 = Release|Any CPU
	EndGlobalSection
	GlobalSection(SolutionProperties) = preSolution
		HideSolutionNode = FALSE
	EndGlobalSection
	GlobalSection(ExtensibilityGlobals) = postSolution
		SolutionGuid = {F1F587CF-ED0A-44CE-A2A8-B18DD373AD42}
	EndGlobalSection
EndGlobal
